
Microsoft Visual Studio Solution File, Format Version 12.00
# Visual Studio Version 16
VisualStudioVersion = 16.0.28729.10
MinimumVisualStudioVersion = 10.0.40219.1
Project("{FAE04EC0-301F-11D3-BF4B-00C04F79EFBC}") = "NullableConvert", "NullableConvert\NullableConvert.csproj", "{F4AE85DE-6038-4CF4-82E8-B73974CA486A}"
EndProject
Global
	GlobalSection(SolutionConfigurationPlatforms) = preSolution
		Debug|Any CPU = Debug|Any CPU
		Release|Any CPU = Release|Any CPU
	EndGlobalSection
	GlobalSection(ProjectConfigurationPlatforms) = postSolution
		{F4AE85DE-6038-4CF4-82E8-B73974CA486A}.Debug|Any CPU.ActiveCfg = Debug|Any CPU
		{F4AE85DE-6038-4CF4-82E8-B73974CA486A}.Debug|Any CPU.Build.0 = Debug|Any CPU
		{F4AE85DE-6038-4CF4-82E8-B73974CA486A}.Release|Any CPU.ActiveCfg = Release|Any CPU
		{F4AE85DE-6038-4CF4-82E8-B73974CA486A}.Release|Any CPU.Build.0 = Release|Any CPU
	EndGlobalSection
	GlobalSection(SolutionProperties) = preSolution
		HideSolutionNode = FALSE
	EndGlobalSection
	GlobalSection(ExtensibilityGlobals) = postSolution
		SolutionGuid = {83C8F3D0-6199-4D02-A2F1-59D2F87139FB}
	EndGlobalSection
EndGlobal
